github.com/riyan-eng/go-say-hello v1.0.0 h1:URJe71iTd9WEORgV+URf+jQrTZBn027y6tlLol31a5I=
github.com/riyan-eng/go-say-hello v1.0.0/go.mod h1:Dt18tg0ZzfFUzhhJ+H4Jkvw65uIqJVEqSUrFeaOo7ws=
github.com/riyan-eng/go-say-hello v1.5.0 h1:PdQTsm7VXZ53lbrT0aVpd6SVQKVHSjAwflGebKiyfIg=
github.com/riyan-eng/go-say-hello v1.5.0/go.mod h1:Dt18tg0ZzfFUzhhJ+H4Jkvw65uIqJVEqSUrFeaOo7ws=
